
Microsoft Visual Studio Solution File, Format Version 12.00
# Visual Studio Version 16
VisualStudioVersion = 16.0.31727.386
MinimumVisualStudioVersion = 10.0.40219.1
Project("{FAE04EC0-301F-11D3-BF4B-00C04F79EFBC}") = "WPF_Bilder_Spielerei", "WPF_Bilder_Spielerei.csproj", "{0B525203-0081-46D0-B4B0-B5F0D4EDCCFA}"
EndProject
Global
	GlobalSection(SolutionConfigurationPlatforms) = preSolution
		Debug|Any CPU = Debug|Any CPU
		Release|Any CPU = Release|Any CPU
	EndGlobalSection
	GlobalSection(ProjectConfigurationPlatforms) = postSolution
		{0B525203-0081-46D0-B4B0-B5F0D4EDCCFA}.Debug|Any CPU.ActiveCfg = Debug|Any CPU
		{0B525203-0081-46D0-B4B0-B5F0D4EDCCFA}.Debug|Any CPU.Build.0 = Debug|Any CPU
		{0B525203-0081-46D0-B4B0-B5F0D4EDCCFA}.Release|Any CPU.ActiveCfg = Release|Any CPU
		{0B525203-0081-46D0-B4B0-B5F0D4EDCCFA}.Release|Any CPU.Build.0 = Release|Any CPU
	EndGlobalSection
	GlobalSection(SolutionProperties) = preSolution
		HideSolutionNode = FALSE
	EndGlobalSection
	GlobalSection(ExtensibilityGlobals) = postSolution
		SolutionGuid = {7096A4A9-0D7A-45B5-9650-BB62008779D0}
	EndGlobalSection
EndGlobal
